
Microsoft Visual Studio Solution File, Format Version 12.00
# Visual Studio Version 17
VisualStudioVersion = 17.14.36915.13 d17.14
MinimumVisualStudioVersion = 10.0.40219.1
Project("{FAE04EC0-301F-11D3-BF4B-00C04F79EFBC}") = "SweetBeanBase", "SweetBeanBase\SweetBeanBase.csproj", "{3D2E231F-904D-4FE1-811F-4918E0B9AFB9}"
EndProject
Global
	GlobalSection(SolutionConfigurationPlatforms) = preSolution
		Debug|Any CPU = Debug|Any CPU
		Release|Any CPU = Release|Any CPU
	EndGlobalSection
	GlobalSection(ProjectConfigurationPlatforms) = postSolution
		{3D2E231F-904D-4FE1-811F-4918E0B9AFB9}.Debug|Any CPU.ActiveCfg = Debug|Any CPU
		{3D2E231F-904D-4FE1-811F-4918E0B9AFB9}.Debug|Any CPU.Build.0 = Debug|Any CPU
		{3D2E231F-904D-4FE1-811F-4918E0B9AFB9}.Release|Any CPU.ActiveCfg = Release|Any CPU
		{3D2E231F-904D-4FE1-811F-4918E0B9AFB9}.Release|Any CPU.Build.0 = Release|Any CPU
	EndGlobalSection
	GlobalSection(SolutionProperties) = preSolution
		HideSolutionNode = FALSE
	EndGlobalSection
	GlobalSection(ExtensibilityGlobals) = postSolution
		SolutionGuid = {59470A42-A395-46D3-A0EA-190F6C967B8D}
	EndGlobalSection
EndGlobal
